
Microsoft Visual Studio Solution File, Format Version 12.00
# Visual Studio Version 16
VisualStudioVersion = 16.0.31410.357
MinimumVisualStudioVersion = 10.0.40219.1
Project("{FAE04EC0-301F-11D3-BF4B-00C04F79EFBC}") = "Dados.Zombie.Business", "Dados.Zombie.Business\Dados.Zombie.Business.csproj", "{A82C36E9-FAFA-4722-BF1F-9623B741EEB5}"
EndProject
Project("{FAE04EC0-301F-11D3-BF4B-00C04F79EFBC}") = "Dados.Zombie.Tests", "Dados.Zombie.Tests\Dados.Zombie.Tests.csproj", "{20429A2A-1E80-441F-9EFF-C7733AF9931F}"
EndProject
Project("{2150E333-8FDC-42A3-9474-1A3956D46DE8}") = "ConsoleApp", "ConsoleApp", "{F00AEB45-3941-40E8-8DD4-2E13341368FF}"
EndProject
Project("{2150E333-8FDC-42A3-9474-1A3956D46DE8}") = "Tests", "Tests", "{71372278-5390-42E6-8C7B-7BA2172D4BBE}"
EndProject
Project("{2150E333-8FDC-42A3-9474-1A3956D46DE8}") = "Model", "Model", "{C462E9B6-F17E-419E-A45E-9F4EFFEEFC6C}"
EndProject
Global
	GlobalSection(SolutionConfigurationPlatforms) = preSolution
		Debug|Any CPU = Debug|Any CPU
		Release|Any CPU = Release|Any CPU
	EndGlobalSection
	GlobalSection(ProjectConfigurationPlatforms) = postSolution
		{A82C36E9-FAFA-4722-BF1F-9623B741EEB5}.Debug|Any CPU.ActiveCfg = Debug|Any CPU
		{A82C36E9-FAFA-4722-BF1F-9623B741EEB5}.Debug|Any CPU.Build.0 = Debug|Any CPU
		{A82C36E9-FAFA-4722-BF1F-9623B741EEB5}.Release|Any CPU.ActiveCfg = Release|Any CPU
		{A82C36E9-FAFA-4722-BF1F-9623B741EEB5}.Release|Any CPU.Build.0 = Release|Any CPU
		{20429A2A-1E80-441F-9EFF-C7733AF9931F}.Debug|Any CPU.ActiveCfg = Debug|Any CPU
		{20429A2A-1E80-441F-9EFF-C7733AF9931F}.Debug|Any CPU.Build.0 = Debug|Any CPU
		{20429A2A-1E80-441F-9EFF-C7733AF9931F}.Release|Any CPU.ActiveCfg = Release|Any CPU
		{20429A2A-1E80-441F-9EFF-C7733AF9931F}.Release|Any CPU.Build.0 = Release|Any CPU
	EndGlobalSection
	GlobalSection(SolutionProperties) = preSolution
		HideSolutionNode = FALSE
	EndGlobalSection
	GlobalSection(NestedProjects) = preSolution
		{A82C36E9-FAFA-4722-BF1F-9623B741EEB5} = {C462E9B6-F17E-419E-A45E-9F4EFFEEFC6C}
		{20429A2A-1E80-441F-9EFF-C7733AF9931F} = {71372278-5390-42E6-8C7B-7BA2172D4BBE}
	EndGlobalSection
	GlobalSection(ExtensibilityGlobals) = postSolution
		SolutionGuid = {148D3D6E-FF14-42EA-BF3D-2F1E4F86A619}
	EndGlobalSection
EndGlobal
